// !$*UTF8*$!
{
	archiveVersion = 1;
	classes = {
	};
	objectVersion = 51;
	objects = {

/* Begin PBXBuildFile section */
		6CA12C5030C713F5BE19A8C1 /* Pods_MarvelousTravel.framework in Frameworks */ = {isa = PBXBuildFile; fileRef = F448C7E3B1D406F2B974C751 /* Pods_MarvelousTravel.framework */; };
		B80E344A23FE14C700E721F7 /* LoginView.swift in Sources */ = {isa = PBXBuildFile; fileRef = B80E344923FE14C700E721F7 /* LoginView.swift */; };
		B80E344C23FE14E800E721F7 /* LoginView.xib in Resources */ = {isa = PBXBuildFile; fileRef = B80E344B23FE14E800E721F7 /* LoginView.xib */; };
		B8198F01242450E700274D37 /* fa-brands-400.ttf in Resources */ = {isa = PBXBuildFile; fileRef = B8198EFE2424507A00274D37 /* fa-brands-400.ttf */; };
		B8198F02242450E700274D37 /* fa-regular-400.ttf in Resources */ = {isa = PBXBuildFile; fileRef = B8198EFF2424507A00274D37 /* fa-regular-400.ttf */; };
		B8198F03242450E700274D37 /* fa-solid-900.ttf in Resources */ = {isa = PBXBuildFile; fileRef = B8198F002424507B00274D37 /* fa-solid-900.ttf */; };
		B836C6692409BB40002A483D /* UserPersonalDataViewModel.swift in Sources */ = {isa = PBXBuildFile; fileRef = B836C6682409BB40002A483D /* UserPersonalDataViewModel.swift */; };
		B836C67E240D897E002A483D /* UserService.swift in Sources */ = {isa = PBXBuildFile; fileRef = B836C67D240D897E002A483D /* UserService.swift */; };
		B836C680240D9420002A483D /* CitiesService.swift in Sources */ = {isa = PBXBuildFile; fileRef = B836C67F240D9420002A483D /* CitiesService.swift */; };
		B836C682240D95D3002A483D /* ChatService.swift in Sources */ = {isa = PBXBuildFile; fileRef = B836C681240D95D3002A483D /* ChatService.swift */; };
		B836C684240D95F9002A483D /* MessageService.swift in Sources */ = {isa = PBXBuildFile; fileRef = B836C683240D95F9002A483D /* MessageService.swift */; };
		B836C686240D960D002A483D /* TripService.swift in Sources */ = {isa = PBXBuildFile; fileRef = B836C685240D960D002A483D /* TripService.swift */; };
		B836C688240D965E002A483D /* Message.swift in Sources */ = {isa = PBXBuildFile; fileRef = B836C687240D965E002A483D /* Message.swift */; };
		B836C68A240D9671002A483D /* Chat.swift in Sources */ = {isa = PBXBuildFile; fileRef = B836C689240D9671002A483D /* Chat.swift */; };
		B836C68C240D9681002A483D /* Trip.swift in Sources */ = {isa = PBXBuildFile; fileRef = B836C68B240D9681002A483D /* Trip.swift */; };
		B836C68E240D96A6002A483D /* City.swift in Sources */ = {isa = PBXBuildFile; fileRef = B836C68D240D96A6002A483D /* City.swift */; };
		B836C690240D9809002A483D /* SignInData.swift in Sources */ = {isa = PBXBuildFile; fileRef = B836C68F240D9809002A483D /* SignInData.swift */; };
		B836C692240D9848002A483D /* SignUpData.swift in Sources */ = {isa = PBXBuildFile; fileRef = B836C691240D9848002A483D /* SignUpData.swift */; };
		B836C694240D997F002A483D /* User.swift in Sources */ = {isa = PBXBuildFile; fileRef = B836C693240D997F002A483D /* User.swift */; };
		B836C697240D99FD002A483D /* MessageExtension.swift in Sources */ = {isa = PBXBuildFile; fileRef = B836C696240D99FD002A483D /* MessageExtension.swift */; };
		B836C69A240D9A83002A483D /* ChatViewController.swift in Sources */ = {isa = PBXBuildFile; fileRef = B836C699240D9A83002A483D /* ChatViewController.swift */; };
		B836C69E240D9AE0002A483D /* SocketManager.swift in Sources */ = {isa = PBXBuildFile; fileRef = B836C69D240D9AE0002A483D /* SocketManager.swift */; };
		B83D6629242419C100FAD64C /* CloudsBackground.mp4 in Resources */ = {isa = PBXBuildFile; fileRef = B8CB92F5242401DE00DC0DFA /* CloudsBackground.mp4 */; };
		B83D662A242419C100FAD64C /* Roboto-Bold.ttf in Resources */ = {isa = PBXBuildFile; fileRef = B8BF1F4E2422DFE30084F3A4 /* Roboto-Bold.ttf */; };
		B83D662B242419C100FAD64C /* Roboto-Medium.ttf in Resources */ = {isa = PBXBuildFile; fileRef = B8BF1F4C2422DFE30084F3A4 /* Roboto-Medium.ttf */; };
		B83D662C242419C100FAD64C /* Roboto-Regular.ttf in Resources */ = {isa = PBXBuildFile; fileRef = B8BF1F4D2422DFE30084F3A4 /* Roboto-Regular.ttf */; };
		B840D7D323F8A80600138D21 /* Observable.swift in Sources */ = {isa = PBXBuildFile; fileRef = B840D7D223F8A80600138D21 /* Observable.swift */; };
		B840D7D723F8A85C00138D21 /* Bindable.swift in Sources */ = {isa = PBXBuildFile; fileRef = B840D7D623F8A85C00138D21 /* Bindable.swift */; };
		B84944AE23F0B75C00A2E335 /* AppDelegate.swift in Sources */ = {isa = PBXBuildFile; fileRef = B84944AD23F0B75C00A2E335 /* AppDelegate.swift */; };
		B84944B023F0B75C00A2E335 /* SceneDelegate.swift in Sources */ = {isa = PBXBuildFile; fileRef = B84944AF23F0B75C00A2E335 /* SceneDelegate.swift */; };
		B84944B223F0B75C00A2E335 /* LoginScreenViewController.swift in Sources */ = {isa = PBXBuildFile; fileRef = B84944B123F0B75C00A2E335 /* LoginScreenViewController.swift */; };
		B84944B523F0B75C00A2E335 /* Main.storyboard in Resources */ = {isa = PBXBuildFile; fileRef = B84944B323F0B75C00A2E335 /* Main.storyboard */; };
		B84944B723F0B75F00A2E335 /* Assets.xcassets in Resources */ = {isa = PBXBuildFile; fileRef = B84944B623F0B75F00A2E335 /* Assets.xcassets */; };
		B84944BA23F0B75F00A2E335 /* LaunchScreen.storyboard in Resources */ = {isa = PBXBuildFile; fileRef = B84944B823F0B75F00A2E335 /* LaunchScreen.storyboard */; };
		B84944C723F0D83200A2E335 /* LoginViewModel.swift in Sources */ = {isa = PBXBuildFile; fileRef = B84944C623F0D83200A2E335 /* LoginViewModel.swift */; };
		B84AA55B240F3F31006D8C24 /* CityPOIController.swift in Sources */ = {isa = PBXBuildFile; fileRef = B84AA55A240F3F31006D8C24 /* CityPOIController.swift */; };
		B84AA56824109D8D006D8C24 /* CategoryCollectionViewCell.swift in Sources */ = {isa = PBXBuildFile; fileRef = B84AA56624109D8D006D8C24 /* CategoryCollectionViewCell.swift */; };
		B84AA56924109D8D006D8C24 /* CategoryCollectionViewCell.xib in Resources */ = {isa = PBXBuildFile; fileRef = B84AA56724109D8D006D8C24 /* CategoryCollectionViewCell.xib */; };
		B8500D10241AC2C300C39701 /* Destination.swift in Sources */ = {isa = PBXBuildFile; fileRef = B8500D0F241AC2C300C39701 /* Destination.swift */; };
		B8500D13241AC4B500C39701 /* Helper.swift in Sources */ = {isa = PBXBuildFile; fileRef = B8500D12241AC4B500C39701 /* Helper.swift */; };
		B8500D15241AC4E800C39701 /* CreateTripExtensionTableView.swift in Sources */ = {isa = PBXBuildFile; fileRef = B8500D14241AC4E800C39701 /* CreateTripExtensionTableView.swift */; };
		B8500D17241AC4F000C39701 /* CreateTripExtensionCollectionView.swift in Sources */ = {isa = PBXBuildFile; fileRef = B8500D16241AC4EF00C39701 /* CreateTripExtensionCollectionView.swift */; };
		B8500D1C241AC54200C39701 /* ChatTableViewCell.swift in Sources */ = {isa = PBXBuildFile; fileRef = B8500D1B241AC54200C39701 /* ChatTableViewCell.swift */; };
		B8500D20241AC57200C39701 /* CalendarView.xib in Resources */ = {isa = PBXBuildFile; fileRef = B8500D1F241AC57200C39701 /* CalendarView.xib */; };
		B8500D22241AC57A00C39701 /* CalendarView.swift in Sources */ = {isa = PBXBuildFile; fileRef = B8500D21241AC57900C39701 /* CalendarView.swift */; };
		B8500D25241AC58E00C39701 /* DestinationView.xib in Resources */ = {isa = PBXBuildFile; fileRef = B8500D24241AC58E00C39701 /* DestinationView.xib */; };
		B8500D27241AC59300C39701 /* DestinationView.swift in Sources */ = {isa = PBXBuildFile; fileRef = B8500D26241AC59300C39701 /* DestinationView.swift */; };
		B8500D29241AC5B300C39701 /* ChatsTableViewController.swift in Sources */ = {isa = PBXBuildFile; fileRef = B8500D28241AC5B200C39701 /* ChatsTableViewController.swift */; };
		B8500D2B241AC5C900C39701 /* CreateTripViewController.swift in Sources */ = {isa = PBXBuildFile; fileRef = B8500D2A241AC5C900C39701 /* CreateTripViewController.swift */; };
		B8500D2D241AC7B900C39701 /* DestinationCollectionViewCell.swift in Sources */ = {isa = PBXBuildFile; fileRef = B8500D2C241AC7B900C39701 /* DestinationCollectionViewCell.swift */; };
		B865D40224089A1E007BC4E0 /* AutocompletionSearchTextField.swift in Sources */ = {isa = PBXBuildFile; fileRef = B865D40124089A1E007BC4E0 /* AutocompletionSearchTextField.swift */; };
		B866242B2410A9C800F16896 /* PoiOverviewCollectionViewCell.swift in Sources */ = {isa = PBXBuildFile; fileRef = B86624292410A9C800F16896 /* PoiOverviewCollectionViewCell.swift */; };
		B866242C2410A9C800F16896 /* PoiOverviewCollectionViewCell.xib in Resources */ = {isa = PBXBuildFile; fileRef = B866242A2410A9C800F16896 /* PoiOverviewCollectionViewCell.xib */; };
		B87BC4D424088CE300D1D430 /* AutocompleteTextFieldView.swift in Sources */ = {isa = PBXBuildFile; fileRef = B87BC4D324088CE300D1D430 /* AutocompleteTextFieldView.swift */; };
		B885D7A723FEE7F200882E69 /* UserAccountDataView.xib in Resources */ = {isa = PBXBuildFile; fileRef = B885D7A623FEE7F200882E69 /* UserAccountDataView.xib */; };
		B885D7A923FEE80300882E69 /* UserAccountDataView.swift in Sources */ = {isa = PBXBuildFile; fileRef = B885D7A823FEE80300882E69 /* UserAccountDataView.swift */; };
		B885D7AB23FEF5BB00882E69 /* UserRegisterViewModel.swift in Sources */ = {isa = PBXBuildFile; fileRef = B885D7AA23FEF5BB00882E69 /* UserRegisterViewModel.swift */; };
		B8868A3B242704F40005A1CD /* AnimatedLoginButton.swift in Sources */ = {isa = PBXBuildFile; fileRef = B8868A3A242704F40005A1CD /* AnimatedLoginButton.swift */; };
		B8868A3D242707300005A1CD /* SpinerLayer.swift in Sources */ = {isa = PBXBuildFile; fileRef = B8868A3C242707300005A1CD /* SpinerLayer.swift */; };
		B8868A41242968100005A1CD /* CircleSegue.swift in Sources */ = {isa = PBXBuildFile; fileRef = B8868A40242968100005A1CD /* CircleSegue.swift */; };
		B88FE439240643CF003942CB /* UserPersonalDataView.xib in Resources */ = {isa = PBXBuildFile; fileRef = B88FE438240643CF003942CB /* UserPersonalDataView.xib */; };
		B88FE43B2406442E003942CB /* UserPersonalDataView.swift in Sources */ = {isa = PBXBuildFile; fileRef = B88FE43A2406442E003942CB /* UserPersonalDataView.swift */; };
		B897400E242183530007010F /* CityWalkViewController.swift in Sources */ = {isa = PBXBuildFile; fileRef = B897400D242183530007010F /* CityWalkViewController.swift */; };
		B8974010242183F80007010F /* DetailViewController.swift in Sources */ = {isa = PBXBuildFile; fileRef = B897400F242183F70007010F /* DetailViewController.swift */; };
		B89740142421840D0007010F /* GridViewCell.swift in Sources */ = {isa = PBXBuildFile; fileRef = B89740122421840D0007010F /* GridViewCell.swift */; };
		B89740152421840D0007010F /* GridViewCell.xib in Resources */ = {isa = PBXBuildFile; fileRef = B89740132421840D0007010F /* GridViewCell.xib */; };
		B89740192421841E0007010F /* DemoElongationCell.swift in Sources */ = {isa = PBXBuildFile; fileRef = B89740172421841E0007010F /* DemoElongationCell.swift */; };
		B897401A2421841E0007010F /* DemoElongationCell.xib in Resources */ = {isa = PBXBuildFile; fileRef = B89740182421841E0007010F /* DemoElongationCell.xib */; };
		B8BF1F44242193700084F3A4 /* CityWalkService.swift in Sources */ = {isa = PBXBuildFile; fileRef = B8BF1F43242193700084F3A4 /* CityWalkService.swift */; };
		B8BF1F4624219C310084F3A4 /* CityWalk.swift in Sources */ = {isa = PBXBuildFile; fileRef = B8BF1F4524219C310084F3A4 /* CityWalk.swift */; };
		B8BF1F492421D3850084F3A4 /* CityWalkTimingCell.swift in Sources */ = {isa = PBXBuildFile; fileRef = B8BF1F472421D3840084F3A4 /* CityWalkTimingCell.swift */; };
		B8BF1F4A2421D3850084F3A4 /* CityWalkTimingCell.xib in Resources */ = {isa = PBXBuildFile; fileRef = B8BF1F482421D3840084F3A4 /* CityWalkTimingCell.xib */; };
		B8C7D5842411AEE10079E62F /* CityPOIViewModel.swift in Sources */ = {isa = PBXBuildFile; fileRef = B8C7D5832411AEE10079E62F /* CityPOIViewModel.swift */; };
		B8C7D5862411B1C00079E62F /* CityPoi.swift in Sources */ = {isa = PBXBuildFile; fileRef = B8C7D5852411B1C00079E62F /* CityPoi.swift */; };
		B8C7D5882411B95C0079E62F /* UIImageExtension.swift in Sources */ = {isa = PBXBuildFile; fileRef = B8C7D5872411B95C0079E62F /* UIImageExtension.swift */; };
		B8C7D58A2411BDC30079E62F /* PoiService.swift in Sources */ = {isa = PBXBuildFile; fileRef = B8C7D5892411BDC30079E62F /* PoiService.swift */; };
		B8C7D58D24143E130079E62F /* CityPoiCollectionViewCell.swift in Sources */ = {isa = PBXBuildFile; fileRef = B8C7D58B24143E120079E62F /* CityPoiCollectionViewCell.swift */; };
		B8C7D58E24143E130079E62F /* CityPoiCollectionViewCell.xib in Resources */ = {isa = PBXBuildFile; fileRef = B8C7D58C24143E120079E62F /* CityPoiCollectionViewCell.xib */; };
		B8C7D590241443FE0079E62F /* CityPOIDetailedViewController.swift in Sources */ = {isa = PBXBuildFile; fileRef = B8C7D58F241443FE0079E62F /* CityPOIDetailedViewController.swift */; };
		B8C7D596241465D70079E62F /* minimal.json in Resources */ = {isa = PBXBuildFile; fileRef = B8C7D595241465D70079E62F /* minimal.json */; };
		B8C7D5982414737C0079E62F /* CityPOIDetailedViewModel.swift in Sources */ = {isa = PBXBuildFile; fileRef = B8C7D5972414737C0079E62F /* CityPOIDetailedViewModel.swift */; };
		B8CA026F241F03F3002880F6 /* CityWalkMapPicker.swift in Sources */ = {isa = PBXBuildFile; fileRef = B8CA026E241F03F3002880F6 /* CityWalkMapPicker.swift */; };
		B8CA027324203B4E002880F6 /* CityWalkViewModel.swift in Sources */ = {isa = PBXBuildFile; fileRef = B8CA027224203B4E002880F6 /* CityWalkViewModel.swift */; };
		B8CA027524205F5A002880F6 /* TimePickerViewController.swift in Sources */ = {isa = PBXBuildFile; fileRef = B8CA027424205F5A002880F6 /* TimePickerViewController.swift */; };
		B8E2106D24298E2400D8ABA3 /* DestinationSearchView.swift in Sources */ = {isa = PBXBuildFile; fileRef = B8E2106C24298E2400D8ABA3 /* DestinationSearchView.swift */; };
		B8E2106F24298E3800D8ABA3 /* DestinationSearchView.xib in Resources */ = {isa = PBXBuildFile; fileRef = B8E2106E24298E3800D8ABA3 /* DestinationSearchView.xib */; };
		B8EBEF6C2414813E00CFBC64 /* CityPoiImageCell.swift in Sources */ = {isa = PBXBuildFile; fileRef = B8EBEF6A2414813E00CFBC64 /* CityPoiImageCell.swift */; };
		B8EBEF6D2414813E00CFBC64 /* CityPoiImageCell.xib in Resources */ = {isa = PBXBuildFile; fileRef = B8EBEF6B2414813E00CFBC64 /* CityPoiImageCell.xib */; };
		B8EBEF6F2415FC9300CFBC64 /* redIsh.json in Resources */ = {isa = PBXBuildFile; fileRef = B8EBEF6E2415FC9200CFBC64 /* redIsh.json */; };
		B8EBEF722417461D00CFBC64 /* SearchCompletionViewController.swift in Sources */ = {isa = PBXBuildFile; fileRef = B8EBEF712417461D00CFBC64 /* SearchCompletionViewController.swift */; };
		B8EBEF75241829BE00CFBC64 /* TripListViewController.swift in Sources */ = {isa = PBXBuildFile; fileRef = B8EBEF74241829BE00CFBC64 /* TripListViewController.swift */; };
		B8EBEF7824182AEB00CFBC64 /* TripCollectionViewCell.swift in Sources */ = {isa = PBXBuildFile; fileRef = B8EBEF7624182AEB00CFBC64 /* TripCollectionViewCell.swift */; };
		B8EBEF7B24182F2F00CFBC64 /* TripCollectionViewCell.xib in Resources */ = {isa = PBXBuildFile; fileRef = B8EBEF7A24182F2F00CFBC64 /* TripCollectionViewCell.xib */; };
		B8EBEF7D24183A5100CFBC64 /* TripTableViewController.swift in Sources */ = {isa = PBXBuildFile; fileRef = B8EBEF7C24183A5100CFBC64 /* TripTableViewController.swift */; };
		B8EBEF7F241888FF00CFBC64 /* TripCollectionViewModel.swift in Sources */ = {isa = PBXBuildFile; fileRef = B8EBEF7E241888FF00CFBC64 /* TripCollectionViewModel.swift */; };
		B8FED65D241C5B5F00B070FA /* StockImage.swift in Sources */ = {isa = PBXBuildFile; fileRef = B8FED65C241C5B5F00B070FA /* StockImage.swift */; };
/* End PBXBuildFile section */

/* Begin PBXFileReference section */
		121D5DA372D90E424B767BFB /* Pods-SignInScreen.release.xcconfig */ = {isa = PBXFileReference; includeInIndex = 1; lastKnownFileType = text.xcconfig; name = "Pods-SignInScreen.release.xcconfig"; path = "Target Support Files/Pods-SignInScreen/Pods-SignInScreen.release.xcconfig"; sourceTree = "<group>"; };
		AD1E16A8D07583AC363D76BB /* Pods-MarvelousTravel.release.xcconfig */ = {isa = PBXFileReference; includeInIndex = 1; lastKnownFileType = text.xcconfig; name = "Pods-MarvelousTravel.release.xcconfig"; path = "Target Support Files/Pods-MarvelousTravel/Pods-MarvelousTravel.release.xcconfig"; sourceTree = "<group>"; };
		B80E344923FE14C700E721F7 /* LoginView.swift */ = {isa = PBXFileReference; lastKnownFileType = sourcecode.swift; path = LoginView.swift; sourceTree = "<group>"; };
		B80E344B23FE14E800E721F7 /* LoginView.xib */ = {isa = PBXFileReference; lastKnownFileType = file.xib; path = LoginView.xib; sourceTree = "<group>"; };
		B8198EFE2424507A00274D37 /* fa-brands-400.ttf */ = {isa = PBXFileReference; lastKnownFileType = file; path = "fa-brands-400.ttf"; sourceTree = "<group>"; };
		B8198EFF2424507A00274D37 /* fa-regular-400.ttf */ = {isa = PBXFileReference; lastKnownFileType = file; path = "fa-regular-400.ttf"; sourceTree = "<group>"; };
		B8198F002424507B00274D37 /* fa-solid-900.ttf */ = {isa = PBXFileReference; lastKnownFileType = file; path = "fa-solid-900.ttf"; sourceTree = "<group>"; };
		B8198F042424519B00274D37 /* fontawesome-webfont.ttf */ = {isa = PBXFileReference; lastKnownFileType = file; path = "fontawesome-webfont.ttf"; sourceTree = "<group>"; };
		B836C6682409BB40002A483D /* UserPersonalDataViewModel.swift */ = {isa = PBXFileReference; lastKnownFileType = sourcecode.swift; path = UserPersonalDataViewModel.swift; sourceTree = "<group>"; };
		B836C67D240D897E002A483D /* UserService.swift */ = {isa = PBXFileReference; lastKnownFileType = sourcecode.swift; path = UserService.swift; sourceTree = "<group>"; };
		B836C67F240D9420002A483D /* CitiesService.swift */ = {isa = PBXFileReference; lastKnownFileType = sourcecode.swift; path = CitiesService.swift; sourceTree = "<group>"; };
		B836C681240D95D3002A483D /* ChatService.swift */ = {isa = PBXFileReference; lastKnownFileType = sourcecode.swift; path = ChatService.swift; sourceTree = "<group>"; };
		B836C683240D95F9002A483D /* MessageService.swift */ = {isa = PBXFileReference; lastKnownFileType = sourcecode.swift; path = MessageService.swift; sourceTree = "<group>"; };
		B836C685240D960D002A483D /* TripService.swift */ = {isa = PBXFileReference; lastKnownFileType = sourcecode.swift; path = TripService.swift; sourceTree = "<group>"; };
		B836C687240D965E002A483D /* Message.swift */ = {isa = PBXFileReference; lastKnownFileType = sourcecode.swift; path = Message.swift; sourceTree = "<group>"; };
		B836C689240D9671002A483D /* Chat.swift */ = {isa = PBXFileReference; lastKnownFileType = sourcecode.swift; path = Chat.swift; sourceTree = "<group>"; };
		B836C68B240D9681002A483D /* Trip.swift */ = {isa = PBXFileReference; lastKnownFileType = sourcecode.swift; path = Trip.swift; sourceTree = "<group>"; };
		B836C68D240D96A6002A483D /* City.swift */ = {isa = PBXFileReference; lastKnownFileType = sourcecode.swift; path = City.swift; sourceTree = "<group>"; };
		B836C68F240D9809002A483D /* SignInData.swift */ = {isa = PBXFileReference; lastKnownFileType = sourcecode.swift; path = SignInData.swift; sourceTree = "<group>"; };
		B836C691240D9848002A483D /* SignUpData.swift */ = {isa = PBXFileReference; lastKnownFileType = sourcecode.swift; path = SignUpData.swift; sourceTree = "<group>"; };
		B836C693240D997F002A483D /* User.swift */ = {isa = PBXFileReference; lastKnownFileType = sourcecode.swift; path = User.swift; sourceTree = "<group>"; };
		B836C696240D99FD002A483D /* MessageExtension.swift */ = {isa = PBXFileReference; lastKnownFileType = sourcecode.swift; path = MessageExtension.swift; sourceTree = "<group>"; };
		B836C699240D9A83002A483D /* ChatViewController.swift */ = {isa = PBXFileReference; lastKnownFileType = sourcecode.swift; path = ChatViewController.swift; sourceTree = "<group>"; };
		B836C69D240D9AE0002A483D /* SocketManager.swift */ = {isa = PBXFileReference; lastKnownFileType = sourcecode.swift; path = SocketManager.swift; sourceTree = "<group>"; };
		B840D7D223F8A80600138D21 /* Observable.swift */ = {isa = PBXFileReference; lastKnownFileType = sourcecode.swift; path = Observable.swift; sourceTree = "<group>"; };
		B840D7D623F8A85C00138D21 /* Bindable.swift */ = {isa = PBXFileReference; lastKnownFileType = sourcecode.swift; path = Bindable.swift; sourceTree = "<group>"; };
		B84944AA23F0B75C00A2E335 /* MarvelousTravel.app */ = {isa = PBXFileReference; explicitFileType = wrapper.application; includeInIndex = 0; path = MarvelousTravel.app; sourceTree = BUILT_PRODUCTS_DIR; };
		B84944AD23F0B75C00A2E335 /* AppDelegate.swift */ = {isa = PBXFileReference; lastKnownFileType = sourcecode.swift; path = AppDelegate.swift; sourceTree = "<group>"; };
		B84944AF23F0B75C00A2E335 /* SceneDelegate.swift */ = {isa = PBXFileReference; lastKnownFileType = sourcecode.swift; path = SceneDelegate.swift; sourceTree = "<group>"; };
		B84944B123F0B75C00A2E335 /* LoginScreenViewController.swift */ = {isa = PBXFileReference; lastKnownFileType = sourcecode.swift; path = LoginScreenViewController.swift; sourceTree = "<group>"; };
		B84944B423F0B75C00A2E335 /* Base */ = {isa = PBXFileReference; lastKnownFileType = file.storyboard; name = Base; path = Base.lproj/Main.storyboard; sourceTree = "<group>"; };
		B84944B623F0B75F00A2E335 /* Assets.xcassets */ = {isa = PBXFileReference; lastKnownFileType = folder.assetcatalog; path = Assets.xcassets; sourceTree = "<group>"; };
		B84944B923F0B75F00A2E335 /* Base */ = {isa = PBXFileReference; lastKnownFileType = file.storyboard; name = Base; path = Base.lproj/LaunchScreen.storyboard; sourceTree = "<group>"; };
		B84944BB23F0B75F00A2E335 /* Info.plist */ = {isa = PBXFileReference; lastKnownFileType = text.plist.xml; path = Info.plist; sourceTree = "<group>"; };
		B84944C623F0D83200A2E335 /* LoginViewModel.swift */ = {isa = PBXFileReference; lastKnownFileType = sourcecode.swift; path = LoginViewModel.swift; sourceTree = "<group>"; };
		B84AA55A240F3F31006D8C24 /* CityPOIController.swift */ = {isa = PBXFileReference; lastKnownFileType = sourcecode.swift; path = CityPOIController.swift; sourceTree = "<group>"; };
		B84AA56624109D8D006D8C24 /* CategoryCollectionViewCell.swift */ = {isa = PBXFileReference; lastKnownFileType = sourcecode.swift; path = CategoryCollectionViewCell.swift; sourceTree = "<group>"; };
		B84AA56724109D8D006D8C24 /* CategoryCollectionViewCell.xib */ = {isa = PBXFileReference; lastKnownFileType = file.xib; path = CategoryCollectionViewCell.xib; sourceTree = "<group>"; };
		B8500D0F241AC2C300C39701 /* Destination.swift */ = {isa = PBXFileReference; lastKnownFileType = sourcecode.swift; path = Destination.swift; sourceTree = "<group>"; };
		B8500D12241AC4B500C39701 /* Helper.swift */ = {isa = PBXFileReference; lastKnownFileType = sourcecode.swift; path = Helper.swift; sourceTree = "<group>"; };
		B8500D14241AC4E800C39701 /* CreateTripExtensionTableView.swift */ = {isa = PBXFileReference; fileEncoding = 4; lastKnownFileType = sourcecode.swift; path = CreateTripExtensionTableView.swift; sourceTree = "<group>"; };
		B8500D16241AC4EF00C39701 /* CreateTripExtensionCollectionView.swift */ = {isa = PBXFileReference; fileEncoding = 4; lastKnownFileType = sourcecode.swift; path = CreateTripExtensionCollectionView.swift; sourceTree = "<group>"; };
		B8500D1B241AC54200C39701 /* ChatTableViewCell.swift */ = {isa = PBXFileReference; fileEncoding = 4; lastKnownFileType = sourcecode.swift; path = ChatTableViewCell.swift; sourceTree = "<group>"; };
		B8500D1F241AC57200C39701 /* CalendarView.xib */ = {isa = PBXFileReference; fileEncoding = 4; lastKnownFileType = file.xib; path = CalendarView.xib; sourceTree = "<group>"; };
		B8500D21241AC57900C39701 /* CalendarView.swift */ = {isa = PBXFileReference; fileEncoding = 4; lastKnownFileType = sourcecode.swift; path = CalendarView.swift; sourceTree = "<group>"; };
		B8500D24241AC58E00C39701 /* DestinationView.xib */ = {isa = PBXFileReference; fileEncoding = 4; lastKnownFileType = file.xib; path = DestinationView.xib; sourceTree = "<group>"; };
		B8500D26241AC59300C39701 /* DestinationView.swift */ = {isa = PBXFileReference; fileEncoding = 4; lastKnownFileType = sourcecode.swift; path = DestinationView.swift; sourceTree = "<group>"; };
		B8500D28241AC5B200C39701 /* ChatsTableViewController.swift */ = {isa = PBXFileReference; fileEncoding = 4; lastKnownFileType = sourcecode.swift; path = ChatsTableViewController.swift; sourceTree = "<group>"; };
		B8500D2A241AC5C900C39701 /* CreateTripViewController.swift */ = {isa = PBXFileReference; fileEncoding = 4; lastKnownFileType = sourcecode.swift; path = CreateTripViewController.swift; sourceTree = "<group>"; };
		B8500D2C241AC7B900C39701 /* DestinationCollectionViewCell.swift */ = {isa = PBXFileReference; fileEncoding = 4; lastKnownFileType = sourcecode.swift; path = DestinationCollectionViewCell.swift; sourceTree = "<group>"; };
		B865D40124089A1E007BC4E0 /* AutocompletionSearchTextField.swift */ = {isa = PBXFileReference; lastKnownFileType = sourcecode.swift; path = AutocompletionSearchTextField.swift; sourceTree = "<group>"; };
		B86624292410A9C800F16896 /* PoiOverviewCollectionViewCell.swift */ = {isa = PBXFileReference; lastKnownFileType = sourcecode.swift; path = PoiOverviewCollectionViewCell.swift; sourceTree = "<group>"; };
		B866242A2410A9C800F16896 /* PoiOverviewCollectionViewCell.xib */ = {isa = PBXFileReference; lastKnownFileType = file.xib; path = PoiOverviewCollectionViewCell.xib; sourceTree = "<group>"; };
		B87BC4D324088CE300D1D430 /* AutocompleteTextFieldView.swift */ = {isa = PBXFileReference; lastKnownFileType = sourcecode.swift; path = AutocompleteTextFieldView.swift; sourceTree = "<group>"; };
		B885D7A623FEE7F200882E69 /* UserAccountDataView.xib */ = {isa = PBXFileReference; lastKnownFileType = file.xib; path = UserAccountDataView.xib; sourceTree = "<group>"; };
		B885D7A823FEE80300882E69 /* UserAccountDataView.swift */ = {isa = PBXFileReference; lastKnownFileType = sourcecode.swift; path = UserAccountDataView.swift; sourceTree = "<group>"; };
		B885D7AA23FEF5BB00882E69 /* UserRegisterViewModel.swift */ = {isa = PBXFileReference; lastKnownFileType = sourcecode.swift; path = UserRegisterViewModel.swift; sourceTree = "<group>"; };
		B8868A3A242704F40005A1CD /* AnimatedLoginButton.swift */ = {isa = PBXFileReference; lastKnownFileType = sourcecode.swift; path = AnimatedLoginButton.swift; sourceTree = "<group>"; };
		B8868A3C242707300005A1CD /* SpinerLayer.swift */ = {isa = PBXFileReference; lastKnownFileType = sourcecode.swift; path = SpinerLayer.swift; sourceTree = "<group>"; };
		B8868A40242968100005A1CD /* CircleSegue.swift */ = {isa = PBXFileReference; lastKnownFileType = sourcecode.swift; path = CircleSegue.swift; sourceTree = "<group>"; };
		B88FE438240643CF003942CB /* UserPersonalDataView.xib */ = {isa = PBXFileReference; lastKnownFileType = file.xib; path = UserPersonalDataView.xib; sourceTree = "<group>"; };
		B88FE43A2406442E003942CB /* UserPersonalDataView.swift */ = {isa = PBXFileReference; lastKnownFileType = sourcecode.swift; path = UserPersonalDataView.swift; sourceTree = "<group>"; };
		B897400D242183530007010F /* CityWalkViewController.swift */ = {isa = PBXFileReference; fileEncoding = 4; lastKnownFileType = sourcecode.swift; path = CityWalkViewController.swift; sourceTree = "<group>"; };
		B897400F242183F70007010F /* DetailViewController.swift */ = {isa = PBXFileReference; fileEncoding = 4; lastKnownFileType = sourcecode.swift; path = DetailViewController.swift; sourceTree = "<group>"; };
		B89740122421840D0007010F /* GridViewCell.swift */ = {isa = PBXFileReference; fileEncoding = 4; lastKnownFileType = sourcecode.swift; path = GridViewCell.swift; sourceTree = "<group>"; };
		B89740132421840D0007010F /* GridViewCell.xib */ = {isa = PBXFileReference; fileEncoding = 4; lastKnownFileType = file.xib; path = GridViewCell.xib; sourceTree = "<group>"; };
		B89740172421841E0007010F /* DemoElongationCell.swift */ = {isa = PBXFileReference; fileEncoding = 4; lastKnownFileType = sourcecode.swift; path = DemoElongationCell.swift; sourceTree = "<group>"; };
		B89740182421841E0007010F /* DemoElongationCell.xib */ = {isa = PBXFileReference; fileEncoding = 4; lastKnownFileType = file.xib; path = DemoElongationCell.xib; sourceTree = "<group>"; };
		B8BF1F43242193700084F3A4 /* CityWalkService.swift */ = {isa = PBXFileReference; lastKnownFileType = sourcecode.swift; path = CityWalkService.swift; sourceTree = "<group>"; };
		B8BF1F4524219C310084F3A4 /* CityWalk.swift */ = {isa = PBXFileReference; lastKnownFileType = sourcecode.swift; path = CityWalk.swift; sourceTree = "<group>"; };
		B8BF1F472421D3840084F3A4 /* CityWalkTimingCell.swift */ = {isa = PBXFileReference; lastKnownFileType = sourcecode.swift; path = CityWalkTimingCell.swift; sourceTree = "<group>"; };
		B8BF1F482421D3840084F3A4 /* CityWalkTimingCell.xib */ = {isa = PBXFileReference; lastKnownFileType = file.xib; path = CityWalkTimingCell.xib; sourceTree = "<group>"; };
		B8BF1F4C2422DFE30084F3A4 /* Roboto-Medium.ttf */ = {isa = PBXFileReference; lastKnownFileType = file; path = "Roboto-Medium.ttf"; sourceTree = "<group>"; };
		B8BF1F4D2422DFE30084F3A4 /* Roboto-Regular.ttf */ = {isa = PBXFileReference; lastKnownFileType = file; path = "Roboto-Regular.ttf"; sourceTree = "<group>"; };
		B8BF1F4E2422DFE30084F3A4 /* Roboto-Bold.ttf */ = {isa = PBXFileReference; lastKnownFileType = file; path = "Roboto-Bold.ttf"; sourceTree = "<group>"; };
		B8C7D5832411AEE10079E62F /* CityPOIViewModel.swift */ = {isa = PBXFileReference; lastKnownFileType = sourcecode.swift; path = CityPOIViewModel.swift; sourceTree = "<group>"; };
		B8C7D5852411B1C00079E62F /* CityPoi.swift */ = {isa = PBXFileReference; lastKnownFileType = sourcecode.swift; path = CityPoi.swift; sourceTree = "<group>"; };
		B8C7D5872411B95C0079E62F /* UIImageExtension.swift */ = {isa = PBXFileReference; lastKnownFileType = sourcecode.swift; path = UIImageExtension.swift; sourceTree = "<group>"; };
		B8C7D5892411BDC30079E62F /* PoiService.swift */ = {isa = PBXFileReference; lastKnownFileType = sourcecode.swift; path = PoiService.swift; sourceTree = "<group>"; };
		B8C7D58B24143E120079E62F /* CityPoiCollectionViewCell.swift */ = {isa = PBXFileReference; lastKnownFileType = sourcecode.swift; path = CityPoiCollectionViewCell.swift; sourceTree = "<group>"; };
		B8C7D58C24143E120079E62F /* CityPoiCollectionViewCell.xib */ = {isa = PBXFileReference; lastKnownFileType = file.xib; path = CityPoiCollectionViewCell.xib; sourceTree = "<group>"; };
		B8C7D58F241443FE0079E62F /* CityPOIDetailedViewController.swift */ = {isa = PBXFileReference; lastKnownFileType = sourcecode.swift; path = CityPOIDetailedViewController.swift; sourceTree = "<group>"; };
		B8C7D595241465D70079E62F /* minimal.json */ = {isa = PBXFileReference; fileEncoding = 4; lastKnownFileType = text.json; path = minimal.json; sourceTree = "<group>"; };
		B8C7D5972414737C0079E62F /* CityPOIDetailedViewModel.swift */ = {isa = PBXFileReference; lastKnownFileType = sourcecode.swift; path = CityPOIDetailedViewModel.swift; sourceTree = "<group>"; };
		B8CA026E241F03F3002880F6 /* CityWalkMapPicker.swift */ = {isa = PBXFileReference; lastKnownFileType = sourcecode.swift; path = CityWalkMapPicker.swift; sourceTree = "<group>"; };
		B8CA027224203B4E002880F6 /* CityWalkViewModel.swift */ = {isa = PBXFileReference; lastKnownFileType = sourcecode.swift; path = CityWalkViewModel.swift; sourceTree = "<group>"; };
		B8CA027424205F5A002880F6 /* TimePickerViewController.swift */ = {isa = PBXFileReference; lastKnownFileType = sourcecode.swift; path = TimePickerViewController.swift; sourceTree = "<group>"; };
		B8CB92F5242401DE00DC0DFA /* CloudsBackground.mp4 */ = {isa = PBXFileReference; lastKnownFileType = file; path = CloudsBackground.mp4; sourceTree = "<group>"; };
		B8E2106C24298E2400D8ABA3 /* DestinationSearchView.swift */ = {isa = PBXFileReference; lastKnownFileType = sourcecode.swift; path = DestinationSearchView.swift; sourceTree = "<group>"; };
		B8E2106E24298E3800D8ABA3 /* DestinationSearchView.xib */ = {isa = PBXFileReference; lastKnownFileType = file.xib; path = DestinationSearchView.xib; sourceTree = "<group>"; };
		B8EBEF6A2414813E00CFBC64 /* CityPoiImageCell.swift */ = {isa = PBXFileReference; lastKnownFileType = sourcecode.swift; path = CityPoiImageCell.swift; sourceTree = "<group>"; };
		B8EBEF6B2414813E00CFBC64 /* CityPoiImageCell.xib */ = {isa = PBXFileReference; lastKnownFileType = file.xib; path = CityPoiImageCell.xib; sourceTree = "<group>"; };
		B8EBEF6E2415FC9200CFBC64 /* redIsh.json */ = {isa = PBXFileReference; fileEncoding = 4; lastKnownFileType = text.json; path = redIsh.json; sourceTree = "<group>"; };
		B8EBEF712417461D00CFBC64 /* SearchCompletionViewController.swift */ = {isa = PBXFileReference; lastKnownFileType = sourcecode.swift; path = SearchCompletionViewController.swift; sourceTree = "<group>"; };
		B8EBEF74241829BE00CFBC64 /* TripListViewController.swift */ = {isa = PBXFileReference; lastKnownFileType = sourcecode.swift; path = TripListViewController.swift; sourceTree = "<group>"; };
		B8EBEF7624182AEB00CFBC64 /* TripCollectionViewCell.swift */ = {isa = PBXFileReference; lastKnownFileType = sourcecode.swift; path = TripCollectionViewCell.swift; sourceTree = "<group>"; };
		B8EBEF7A24182F2F00CFBC64 /* TripCollectionViewCell.xib */ = {isa = PBXFileReference; fileEncoding = 4; lastKnownFileType = file.xib; path = TripCollectionViewCell.xib; sourceTree = "<group>"; };
		B8EBEF7C24183A5100CFBC64 /* TripTableViewController.swift */ = {isa = PBXFileReference; lastKnownFileType = sourcecode.swift; path = TripTableViewController.swift; sourceTree = "<group>"; };
		B8EBEF7E241888FF00CFBC64 /* TripCollectionViewModel.swift */ = {isa = PBXFileReference; lastKnownFileType = sourcecode.swift; path = TripCollectionViewModel.swift; sourceTree = "<group>"; };
		B8FED65C241C5B5F00B070FA /* StockImage.swift */ = {isa = PBXFileReference; lastKnownFileType = sourcecode.swift; path = StockImage.swift; sourceTree = "<group>"; };
		D4EA86682CC84D105113F170 /* Pods-MarvelousTravel.debug.xcconfig */ = {isa = PBXFileReference; includeInIndex = 1; lastKnownFileType = text.xcconfig; name = "Pods-MarvelousTravel.debug.xcconfig"; path = "Target Support Files/Pods-MarvelousTravel/Pods-MarvelousTravel.debug.xcconfig"; sourceTree = "<group>"; };
		EC2FAD8F37AC266B97CF7B76 /* Pods-SignInScreen.debug.xcconfig */ = {isa = PBXFileReference; includeInIndex = 1; lastKnownFileType = text.xcconfig; name = "Pods-SignInScreen.debug.xcconfig"; path = "Target Support Files/Pods-SignInScreen/Pods-SignInScreen.debug.xcconfig"; sourceTree = "<group>"; };
		F448C7E3B1D406F2B974C751 /* Pods_MarvelousTravel.framework */ = {isa = PBXFileReference; explicitFileType = wrapper.framework; includeInIndex = 0; path = Pods_MarvelousTravel.framework; sourceTree = BUILT_PRODUCTS_DIR; };
/* End PBXFileReference section */

/* Begin PBXFrameworksBuildPhase section */
		B84944A723F0B75C00A2E335 /* Frameworks */ = {
			isa = PBXFrameworksBuildPhase;
			buildActionMask = 2147483647;
			files = (
				6CA12C5030C713F5BE19A8C1 /* Pods_MarvelousTravel.framework in Frameworks */,
			);
			runOnlyForDeploymentPostprocessing = 0;
		};
/* End PBXFrameworksBuildPhase section */

/* Begin PBXGroup section */
		63A5A7B3AE190A588FB2AA32 /* Frameworks */ = {
			isa = PBXGroup;
			children = (
				F448C7E3B1D406F2B974C751 /* Pods_MarvelousTravel.framework */,
			);
			name = Frameworks;
			sourceTree = "<group>";
		};
		86BAF9FA9909442DCDA52902 /* Pods */ = {
			isa = PBXGroup;
			children = (
				EC2FAD8F37AC266B97CF7B76 /* Pods-SignInScreen.debug.xcconfig */,
				121D5DA372D90E424B767BFB /* Pods-SignInScreen.release.xcconfig */,
				D4EA86682CC84D105113F170 /* Pods-MarvelousTravel.debug.xcconfig */,
				AD1E16A8D07583AC363D76BB /* Pods-MarvelousTravel.release.xcconfig */,
			);
			path = Pods;
			sourceTree = "<group>";
		};
		B836C679240D8907002A483D /* Entities */ = {
			isa = PBXGroup;
			children = (
				B836C687240D965E002A483D /* Message.swift */,
				B836C689240D9671002A483D /* Chat.swift */,
				B836C68B240D9681002A483D /* Trip.swift */,
				B836C68D240D96A6002A483D /* City.swift */,
				B836C68F240D9809002A483D /* SignInData.swift */,
				B836C691240D9848002A483D /* SignUpData.swift */,
				B836C693240D997F002A483D /* User.swift */,
				B8C7D5852411B1C00079E62F /* CityPoi.swift */,
				B8500D0F241AC2C300C39701 /* Destination.swift */,
				B8FED65C241C5B5F00B070FA /* StockImage.swift */,
				B8BF1F4524219C310084F3A4 /* CityWalk.swift */,
			);
			path = Entities;
			sourceTree = "<group>";
		};
		B836C67A240D891E002A483D /* Network */ = {
			isa = PBXGroup;
			children = (
				B836C67D240D897E002A483D /* UserService.swift */,
				B836C67F240D9420002A483D /* CitiesService.swift */,
				B836C681240D95D3002A483D /* ChatService.swift */,
				B836C683240D95F9002A483D /* MessageService.swift */,
				B836C685240D960D002A483D /* TripService.swift */,
				B8C7D5892411BDC30079E62F /* PoiService.swift */,
				B8BF1F43242193700084F3A4 /* CityWalkService.swift */,
			);
			path = Network;
			sourceTree = "<group>";
		};
		B836C695240D99EB002A483D /* Extensions */ = {
			isa = PBXGroup;
			children = (
				B836C696240D99FD002A483D /* MessageExtension.swift */,
				B8500D14241AC4E800C39701 /* CreateTripExtensionTableView.swift */,
				B8500D16241AC4EF00C39701 /* CreateTripExtensionCollectionView.swift */,
				B8C7D5872411B95C0079E62F /* UIImageExtension.swift */,
			);
			path = Extensions;
			sourceTree = "<group>";
		};
		B84944A123F0B75C00A2E335 = {
			isa = PBXGroup;
			children = (
				B84944AC23F0B75C00A2E335 /* MarvelousTravel */,
				B84944AB23F0B75C00A2E335 /* Products */,
				86BAF9FA9909442DCDA52902 /* Pods */,
				63A5A7B3AE190A588FB2AA32 /* Frameworks */,
			);
			sourceTree = "<group>";
		};
		B84944AB23F0B75C00A2E335 /* Products */ = {
			isa = PBXGroup;
			children = (
				B84944AA23F0B75C00A2E335 /* MarvelousTravel.app */,
			);
			name = Products;
			sourceTree = "<group>";
		};
		B84944AC23F0B75C00A2E335 /* MarvelousTravel */ = {
			isa = PBXGroup;
			children = (
				B8500D11241AC4A700C39701 /* Helper */,
				B836C695240D99EB002A483D /* Extensions */,
				B836C67A240D891E002A483D /* Network */,
				B836C679240D8907002A483D /* Entities */,
				B84944C323F0D43D00A2E335 /* ViewModel */,
				B84944C223F0D43600A2E335 /* View */,
				B84944AD23F0B75C00A2E335 /* AppDelegate.swift */,
				B84944AF23F0B75C00A2E335 /* SceneDelegate.swift */,
				B8BF1F4B2422DFD60084F3A4 /* Resources */,
				B84944B323F0B75C00A2E335 /* Main.storyboard */,
				B84944B623F0B75F00A2E335 /* Assets.xcassets */,
				B84944B823F0B75F00A2E335 /* LaunchScreen.storyboard */,
				B84944BB23F0B75F00A2E335 /* Info.plist */,
			);
			path = MarvelousTravel;
			sourceTree = "<group>";
		};
		B84944C223F0D43600A2E335 /* View */ = {
			isa = PBXGroup;
			children = (
				B885D7A523FE378400882E69 /* CustomElements */,
				B865D40124089A1E007BC4E0 /* AutocompletionSearchTextField.swift */,
				B8500D28241AC5B200C39701 /* ChatsTableViewController.swift */,
				B840D7D623F8A85C00138D21 /* Bindable.swift */,
				B8500D2A241AC5C900C39701 /* CreateTripViewController.swift */,
				B836C699240D9A83002A483D /* ChatViewController.swift */,
				B836C69D240D9AE0002A483D /* SocketManager.swift */,
			);
			path = View;
			sourceTree = "<group>";
		};
		B84944C323F0D43D00A2E335 /* ViewModel */ = {
			isa = PBXGroup;
			children = (
				B84944C623F0D83200A2E335 /* LoginViewModel.swift */,
				B840D7D223F8A80600138D21 /* Observable.swift */,
				B885D7AA23FEF5BB00882E69 /* UserRegisterViewModel.swift */,
				B836C6682409BB40002A483D /* UserPersonalDataViewModel.swift */,
				B8C7D5832411AEE10079E62F /* CityPOIViewModel.swift */,
				B8C7D5972414737C0079E62F /* CityPOIDetailedViewModel.swift */,
				B8EBEF7E241888FF00CFBC64 /* TripCollectionViewModel.swift */,
				B8CA027224203B4E002880F6 /* CityWalkViewModel.swift */,
			);
			path = ViewModel;
			sourceTree = "<group>";
		};
		B8500D11241AC4A700C39701 /* Helper */ = {
			isa = PBXGroup;
			children = (
				B8500D12241AC4B500C39701 /* Helper.swift */,
			);
			path = Helper;
			sourceTree = "<group>";
		};
		B8500D1A241AC53400C39701 /* ChatTableViewCell */ = {
			isa = PBXGroup;
			children = (
				B8500D1B241AC54200C39701 /* ChatTableViewCell.swift */,
			);
			path = ChatTableViewCell;
			sourceTree = "<group>";
		};
		B8500D1D241AC54B00C39701 /* CreateTripCollectionViewCell */ = {
			isa = PBXGroup;
			children = (
				B8500D2C241AC7B900C39701 /* DestinationCollectionViewCell.swift */,
			);
			path = CreateTripCollectionViewCell;
			sourceTree = "<group>";
		};
		B8500D1E241AC56400C39701 /* CustomCalendar */ = {
			isa = PBXGroup;
			children = (
				B8500D21241AC57900C39701 /* CalendarView.swift */,
				B8500D1F241AC57200C39701 /* CalendarView.xib */,
			);
			path = CustomCalendar;
			sourceTree = "<group>";
		};
		B8500D23241AC58200C39701 /* DestinationView */ = {
			isa = PBXGroup;
			children = (
				B8500D24241AC58E00C39701 /* DestinationView.xib */,
				B8500D26241AC59300C39701 /* DestinationView.swift */,
			);
			path = DestinationView;
			sourceTree = "<group>";
		};
		B869DAFB240F233A00D89B5F /* CityPOIScrollView */ = {
			isa = PBXGroup;
			children = (
				B84AA55A240F3F31006D8C24 /* CityPOIController.swift */,
				B84AA56624109D8D006D8C24 /* CategoryCollectionViewCell.swift */,
				B84AA56724109D8D006D8C24 /* CategoryCollectionViewCell.xib */,
				B86624292410A9C800F16896 /* PoiOverviewCollectionViewCell.swift */,
				B866242A2410A9C800F16896 /* PoiOverviewCollectionViewCell.xib */,
				B8EBEF6A2414813E00CFBC64 /* CityPoiImageCell.swift */,
				B8EBEF6B2414813E00CFBC64 /* CityPoiImageCell.xib */,
				B8C7D58B24143E120079E62F /* CityPoiCollectionViewCell.swift */,
				B8C7D58C24143E120079E62F /* CityPoiCollectionViewCell.xib */,
				B8C7D58F241443FE0079E62F /* CityPOIDetailedViewController.swift */,
			);
			path = CityPOIScrollView;
			sourceTree = "<group>";
		};
		B87BC4D0240886F200D1D430 /* LoginView */ = {
			isa = PBXGroup;
			children = (
				B80E344B23FE14E800E721F7 /* LoginView.xib */,
				B80E344923FE14C700E721F7 /* LoginView.swift */,
			);
			path = LoginView;
			sourceTree = "<group>";
		};
		B87BC4D1240886FD00D1D430 /* UserAccountRegisterView */ = {
			isa = PBXGroup;
			children = (
				B885D7A823FEE80300882E69 /* UserAccountDataView.swift */,
				B885D7A623FEE7F200882E69 /* UserAccountDataView.xib */,
			);
			path = UserAccountRegisterView;
			sourceTree = "<group>";
		};
		B87BC4D22408872F00D1D430 /* UserPersonalDataView */ = {
			isa = PBXGroup;
			children = (
				B87BC4D324088CE300D1D430 /* AutocompleteTextFieldView.swift */,
				B88FE43A2406442E003942CB /* UserPersonalDataView.swift */,
				B88FE438240643CF003942CB /* UserPersonalDataView.xib */,
			);
			path = UserPersonalDataView;
			sourceTree = "<group>";
		};
		B885D7A523FE378400882E69 /* CustomElements */ = {
			isa = PBXGroup;
			children = (
				B8E2106B24298DDC00D8ABA3 /* MainScreen */,
				B8CB92F6242406B400DC0DFA /* LoginScreen */,
				B8868A3F242967E80005A1CD /* Segues */,
				B8868A3E242960440005A1CD /* AnimatedButton */,
				B8500D23241AC58200C39701 /* DestinationView */,
				B8500D1E241AC56400C39701 /* CustomCalendar */,
				B8500D1D241AC54B00C39701 /* CreateTripCollectionViewCell */,
				B8500D1A241AC53400C39701 /* ChatTableViewCell */,
				B8EBEF732418299400CFBC64 /* Trips */,
				B8EBEF70241745D100CFBC64 /* CityWalk */,
				B869DAFB240F233A00D89B5F /* CityPOIScrollView */,
			);
			path = CustomElements;
			sourceTree = "<group>";
		};
		B8868A3E242960440005A1CD /* AnimatedButton */ = {
			isa = PBXGroup;
			children = (
				B8868A3A242704F40005A1CD /* AnimatedLoginButton.swift */,
				B8868A3C242707300005A1CD /* SpinerLayer.swift */,
			);
			path = AnimatedButton;
			sourceTree = "<group>";
		};
		B8868A3F242967E80005A1CD /* Segues */ = {
			isa = PBXGroup;
			children = (
				B8868A40242968100005A1CD /* CircleSegue.swift */,
			);
			path = Segues;
			sourceTree = "<group>";
		};
		B8974011242183FE0007010F /* GridViewCell */ = {
			isa = PBXGroup;
			children = (
				B89740122421840D0007010F /* GridViewCell.swift */,
				B89740132421840D0007010F /* GridViewCell.xib */,
			);
			path = GridViewCell;
			sourceTree = "<group>";
		};
		B8974016242184110007010F /* ElongationCell */ = {
			isa = PBXGroup;
			children = (
				B89740172421841E0007010F /* DemoElongationCell.swift */,
				B89740182421841E0007010F /* DemoElongationCell.xib */,
				B8BF1F472421D3840084F3A4 /* CityWalkTimingCell.swift */,
				B8BF1F482421D3840084F3A4 /* CityWalkTimingCell.xib */,
			);
			path = ElongationCell;
			sourceTree = "<group>";
		};
		B8BF1F4B2422DFD60084F3A4 /* Resources */ = {
			isa = PBXGroup;
			children = (
				B8CB92F5242401DE00DC0DFA /* CloudsBackground.mp4 */,
				B8C7D595241465D70079E62F /* minimal.json */,
				B8198F042424519B00274D37 /* fontawesome-webfont.ttf */,
				B8EBEF6E2415FC9200CFBC64 /* redIsh.json */,
				B8198EFE2424507A00274D37 /* fa-brands-400.ttf */,
				B8198EFF2424507A00274D37 /* fa-regular-400.ttf */,
				B8198F002424507B00274D37 /* fa-solid-900.ttf */,
				B8BF1F4E2422DFE30084F3A4 /* Roboto-Bold.ttf */,
				B8BF1F4C2422DFE30084F3A4 /* Roboto-Medium.ttf */,
				B8BF1F4D2422DFE30084F3A4 /* Roboto-Regular.ttf */,
			);
			path = Resources;
			sourceTree = "<group>";
		};
		B8CB92F6242406B400DC0DFA /* LoginScreen */ = {
			isa = PBXGroup;
			children = (
				B87BC4D22408872F00D1D430 /* UserPersonalDataView */,
				B87BC4D1240886FD00D1D430 /* UserAccountRegisterView */,
				B87BC4D0240886F200D1D430 /* LoginView */,
				B84944B123F0B75C00A2E335 /* LoginScreenViewController.swift */,
			);
			path = LoginScreen;
			sourceTree = "<group>";
		};
		B8E2106B24298DDC00D8ABA3 /* MainScreen */ = {
			isa = PBXGroup;
			children = (
				B8E2106C24298E2400D8ABA3 /* DestinationSearchView.swift */,
				B8E2106E24298E3800D8ABA3 /* DestinationSearchView.xib */,
			);
			path = MainScreen;
			sourceTree = "<group>";
		};
		B8EBEF70241745D100CFBC64 /* CityWalk */ = {
			isa = PBXGroup;
			children = (
				B8974016242184110007010F /* ElongationCell */,
				B8974011242183FE0007010F /* GridViewCell */,
				B897400D242183530007010F /* CityWalkViewController.swift */,
				B897400F242183F70007010F /* DetailViewController.swift */,
				B8EBEF712417461D00CFBC64 /* SearchCompletionViewController.swift */,
				B8CA026E241F03F3002880F6 /* CityWalkMapPicker.swift */,
				B8CA027424205F5A002880F6 /* TimePickerViewController.swift */,
			);
			path = CityWalk;
			sourceTree = "<group>";
		};
		B8EBEF732418299400CFBC64 /* Trips */ = {
			isa = PBXGroup;
			children = (
				B8EBEF74241829BE00CFBC64 /* TripListViewController.swift */,
				B8EBEF7624182AEB00CFBC64 /* TripCollectionViewCell.swift */,
				B8EBEF7A24182F2F00CFBC64 /* TripCollectionViewCell.xib */,
				B8EBEF7C24183A5100CFBC64 /* TripTableViewController.swift */,
			);
			path = Trips;
			sourceTree = "<group>";
		};
/* End PBXGroup section */

/* Begin PBXNativeTarget section */
		B84944A923F0B75C00A2E335 /* MarvelousTravel */ = {
			isa = PBXNativeTarget;
			buildConfigurationList = B84944BE23F0B75F00A2E335 /* Build configuration list for PBXNativeTarget "MarvelousTravel" */;
			buildPhases = (
				F301340A55DF91C2B103BE6C /* [CP] Check Pods Manifest.lock */,
				B84944A623F0B75C00A2E335 /* Sources */,
				B84944A723F0B75C00A2E335 /* Frameworks */,
				B84944A823F0B75C00A2E335 /* Resources */,
				333ED8C7FC2A0F139CFC3024 /* [CP] Embed Pods Frameworks */,
			);
			buildRules = (
			);
			dependencies = (
			);
			name = MarvelousTravel;
			productName = SignInScreen;
			productReference = B84944AA23F0B75C00A2E335 /* MarvelousTravel.app */;
			productType = "com.apple.product-type.application";
		};
/* End PBXNativeTarget section */

/* Begin PBXProject section */
		B84944A223F0B75C00A2E335 /* Project object */ = {
			isa = PBXProject;
			attributes = {
				LastSwiftUpdateCheck = 1130;
				LastUpgradeCheck = 1130;
				ORGANIZATIONNAME = "Dmytro Salenko";
				TargetAttributes = {
					B84944A923F0B75C00A2E335 = {
						CreatedOnToolsVersion = 11.3.1;
						LastSwiftMigration = 1130;
					};
				};
			};
			buildConfigurationList = B84944A523F0B75C00A2E335 /* Build configuration list for PBXProject "MarvelousTravel" */;
			compatibilityVersion = "Xcode 9.3";
			developmentRegion = en;
			hasScannedForEncodings = 0;
			knownRegions = (
				en,
				Base,
			);
			mainGroup = B84944A123F0B75C00A2E335;
			productRefGroup = B84944AB23F0B75C00A2E335 /* Products */;
			projectDirPath = "";
			projectRoot = "";
			targets = (
				B84944A923F0B75C00A2E335 /* MarvelousTravel */,
			);
		};
/* End PBXProject section */

/* Begin PBXResourcesBuildPhase section */
		B84944A823F0B75C00A2E335 /* Resources */ = {
			isa = PBXResourcesBuildPhase;
			buildActionMask = 2147483647;
			files = (
				B8198F01242450E700274D37 /* fa-brands-400.ttf in Resources */,
				B8198F02242450E700274D37 /* fa-regular-400.ttf in Resources */,
				B8198F03242450E700274D37 /* fa-solid-900.ttf in Resources */,
				B83D6629242419C100FAD64C /* CloudsBackground.mp4 in Resources */,
				B83D662A242419C100FAD64C /* Roboto-Bold.ttf in Resources */,
				B83D662B242419C100FAD64C /* Roboto-Medium.ttf in Resources */,
				B83D662C242419C100FAD64C /* Roboto-Regular.ttf in Resources */,
				B8C7D58E24143E130079E62F /* CityPoiCollectionViewCell.xib in Resources */,
				B8EBEF7B24182F2F00CFBC64 /* TripCollectionViewCell.xib in Resources */,
				B89740152421840D0007010F /* GridViewCell.xib in Resources */,
				B8BF1F4A2421D3850084F3A4 /* CityWalkTimingCell.xib in Resources */,
				B8E2106F24298E3800D8ABA3 /* DestinationSearchView.xib in Resources */,
				B8EBEF6D2414813E00CFBC64 /* CityPoiImageCell.xib in Resources */,
				B8EBEF6F2415FC9300CFBC64 /* redIsh.json in Resources */,
				B8500D20241AC57200C39701 /* CalendarView.xib in Resources */,
				B866242C2410A9C800F16896 /* PoiOverviewCollectionViewCell.xib in Resources */,
				B84944BA23F0B75F00A2E335 /* LaunchScreen.storyboard in Resources */,
				B897401A2421841E0007010F /* DemoElongationCell.xib in Resources */,
				B88FE439240643CF003942CB /* UserPersonalDataView.xib in Resources */,
				B84944B723F0B75F00A2E335 /* Assets.xcassets in Resources */,
				B80E344C23FE14E800E721F7 /* LoginView.xib in Resources */,
				B8500D25241AC58E00C39701 /* DestinationView.xib in Resources */,
				B84AA56924109D8D006D8C24 /* CategoryCollectionViewCell.xib in Resources */,
				B8C7D596241465D70079E62F /* minimal.json in Resources */,
				B84944B523F0B75C00A2E335 /* Main.storyboard in Resources */,
				B885D7A723FEE7F200882E69 /* UserAccountDataView.xib in Resources */,
			);
			runOnlyForDeploymentPostprocessing = 0;
		};
/* End PBXResourcesBuildPhase section */

/* Begin PBXShellScriptBuildPhase section */
		333ED8C7FC2A0F139CFC3024 /* [CP] Embed Pods Frameworks */ = {
			isa = PBXShellScriptBuildPhase;
			buildActionMask = 2147483647;
			files = (
			);
			inputFileListPaths = (
				"${PODS_ROOT}/Target Support Files/Pods-MarvelousTravel/Pods-MarvelousTravel-frameworks-${CONFIGURATION}-input-files.xcfilelist",
			);
			name = "[CP] Embed Pods Frameworks";
			outputFileListPaths = (
				"${PODS_ROOT}/Target Support Files/Pods-MarvelousTravel/Pods-MarvelousTravel-frameworks-${CONFIGURATION}-output-files.xcfilelist",
			);
			runOnlyForDeploymentPostprocessing = 0;
			shellPath = /bin/sh;
			shellScript = "\"${PODS_ROOT}/Target Support Files/Pods-MarvelousTravel/Pods-MarvelousTravel-frameworks.sh\"\n";
			showEnvVarsInLog = 0;
		};
		F301340A55DF91C2B103BE6C /* [CP] Check Pods Manifest.lock */ = {
			isa = PBXShellScriptBuildPhase;
			buildActionMask = 2147483647;
			files = (
			);
			inputFileListPaths = (
			);
			inputPaths = (
				"${PODS_PODFILE_DIR_PATH}/Podfile.lock",
				"${PODS_ROOT}/Manifest.lock",
			);
			name = "[CP] Check Pods Manifest.lock";
			outputFileListPaths = (
			);
			outputPaths = (
				"$(DERIVED_FILE_DIR)/Pods-MarvelousTravel-checkManifestLockResult.txt",
			);
			runOnlyForDeploymentPostprocessing = 0;
			shellPath = /bin/sh;
			shellScript = "diff \"${PODS_PODFILE_DIR_PATH}/Podfile.lock\" \"${PODS_ROOT}/Manifest.lock\" > /dev/null\nif [ $? != 0 ] ; then\n    # print error to STDERR\n    echo \"error: The sandbox is not in sync with the Podfile.lock. Run 'pod install' or update your CocoaPods installation.\" >&2\n    exit 1\nfi\n# This output is used by Xcode 'outputs' to avoid re-running this script phase.\necho \"SUCCESS\" > \"${SCRIPT_OUTPUT_FILE_0}\"\n";
			showEnvVarsInLog = 0;
		};
/* End PBXShellScriptBuildPhase section */

/* Begin PBXSourcesBuildPhase section */
		B84944A623F0B75C00A2E335 /* Sources */ = {
			isa = PBXSourcesBuildPhase;
			buildActionMask = 2147483647;
			files = (
				B8500D15241AC4E800C39701 /* CreateTripExtensionTableView.swift in Sources */,
				B865D40224089A1E007BC4E0 /* AutocompletionSearchTextField.swift in Sources */,
				B84944B223F0B75C00A2E335 /* LoginScreenViewController.swift in Sources */,
				B836C6692409BB40002A483D /* UserPersonalDataViewModel.swift in Sources */,
				B836C694240D997F002A483D /* User.swift in Sources */,
				B84944AE23F0B75C00A2E335 /* AppDelegate.swift in Sources */,
				B836C680240D9420002A483D /* CitiesService.swift in Sources */,
				B8500D2D241AC7B900C39701 /* DestinationCollectionViewCell.swift in Sources */,
				B8500D1C241AC54200C39701 /* ChatTableViewCell.swift in Sources */,
				B836C69E240D9AE0002A483D /* SocketManager.swift in Sources */,
				B8EBEF7824182AEB00CFBC64 /* TripCollectionViewCell.swift in Sources */,
				B84AA55B240F3F31006D8C24 /* CityPOIController.swift in Sources */,
				B8C7D58D24143E130079E62F /* CityPoiCollectionViewCell.swift in Sources */,
				B8EBEF7F241888FF00CFBC64 /* TripCollectionViewModel.swift in Sources */,
				B89740192421841E0007010F /* DemoElongationCell.swift in Sources */,
				B836C692240D9848002A483D /* SignUpData.swift in Sources */,
				B8C7D590241443FE0079E62F /* CityPOIDetailedViewController.swift in Sources */,
				B866242B2410A9C800F16896 /* PoiOverviewCollectionViewCell.swift in Sources */,
				B836C688240D965E002A483D /* Message.swift in Sources */,
				B840D7D323F8A80600138D21 /* Observable.swift in Sources */,
				B8500D29241AC5B300C39701 /* ChatsTableViewController.swift in Sources */,
				B8BF1F492421D3850084F3A4 /* CityWalkTimingCell.swift in Sources */,
				B836C69A240D9A83002A483D /* ChatViewController.swift in Sources */,
				B8500D13241AC4B500C39701 /* Helper.swift in Sources */,
				B8CA026F241F03F3002880F6 /* CityWalkMapPicker.swift in Sources */,
				B8500D22241AC57A00C39701 /* CalendarView.swift in Sources */,
				B8868A3D242707300005A1CD /* SpinerLayer.swift in Sources */,
				B8CA027324203B4E002880F6 /* CityWalkViewModel.swift in Sources */,
				B836C697240D99FD002A483D /* MessageExtension.swift in Sources */,
				B836C68C240D9681002A483D /* Trip.swift in Sources */,
				B8974010242183F80007010F /* DetailViewController.swift in Sources */,
				B8868A3B242704F40005A1CD /* AnimatedLoginButton.swift in Sources */,
				B8C7D5862411B1C00079E62F /* CityPoi.swift in Sources */,
				B836C682240D95D3002A483D /* ChatService.swift in Sources */,
				B897400E242183530007010F /* CityWalkViewController.swift in Sources */,
				B88FE43B2406442E003942CB /* UserPersonalDataView.swift in Sources */,
				B836C684240D95F9002A483D /* MessageService.swift in Sources */,
				B836C686240D960D002A483D /* TripService.swift in Sources */,
				B8BF1F44242193700084F3A4 /* CityWalkService.swift in Sources */,
				B8500D10241AC2C300C39701 /* Destination.swift in Sources */,
				B8C7D5842411AEE10079E62F /* CityPOIViewModel.swift in Sources */,
				B885D7A923FEE80300882E69 /* UserAccountDataView.swift in Sources */,
				B8500D17241AC4F000C39701 /* CreateTripExtensionCollectionView.swift in Sources */,
				B8868A41242968100005A1CD /* CircleSegue.swift in Sources */,
				B8500D2B241AC5C900C39701 /* CreateTripViewController.swift in Sources */,
				B84AA56824109D8D006D8C24 /* CategoryCollectionViewCell.swift in Sources */,
				B8500D27241AC59300C39701 /* DestinationView.swift in Sources */,
				B8C7D5882411B95C0079E62F /* UIImageExtension.swift in Sources */,
				B89740142421840D0007010F /* GridViewCell.swift in Sources */,
				B87BC4D424088CE300D1D430 /* AutocompleteTextFieldView.swift in Sources */,
				B8EBEF75241829BE00CFBC64 /* TripListViewController.swift in Sources */,
				B8FED65D241C5B5F00B070FA /* StockImage.swift in Sources */,
				B8EBEF722417461D00CFBC64 /* SearchCompletionViewController.swift in Sources */,
				B8BF1F4624219C310084F3A4 /* CityWalk.swift in Sources */,
				B836C67E240D897E002A483D /* UserService.swift in Sources */,
				B840D7D723F8A85C00138D21 /* Bindable.swift in Sources */,
				B8E2106D24298E2400D8ABA3 /* DestinationSearchView.swift in Sources */,
				B8C7D58A2411BDC30079E62F /* PoiService.swift in Sources */,
				B8EBEF7D24183A5100CFBC64 /* TripTableViewController.swift in Sources */,
				B84944C723F0D83200A2E335 /* LoginViewModel.swift in Sources */,
				B836C68A240D9671002A483D /* Chat.swift in Sources */,
				B836C68E240D96A6002A483D /* City.swift in Sources */,
				B80E344A23FE14C700E721F7 /* LoginView.swift in Sources */,
				B885D7AB23FEF5BB00882E69 /* UserRegisterViewModel.swift in Sources */,
				B8C7D5982414737C0079E62F /* CityPOIDetailedViewModel.swift in Sources */,
				B8EBEF6C2414813E00CFBC64 /* CityPoiImageCell.swift in Sources */,
				B8CA027524205F5A002880F6 /* TimePickerViewController.swift in Sources */,
				B836C690240D9809002A483D /* SignInData.swift in Sources */,
				B84944B023F0B75C00A2E335 /* SceneDelegate.swift in Sources */,
			);
			runOnlyForDeploymentPostprocessing = 0;
		};
/* End PBXSourcesBuildPhase section */

/* Begin PBXVariantGroup section */
		B84944B323F0B75C00A2E335 /* Main.storyboard */ = {
			isa = PBXVariantGroup;
			children = (
				B84944B423F0B75C00A2E335 /* Base */,
			);
			name = Main.storyboard;
			sourceTree = "<group>";
		};
		B84944B823F0B75F00A2E335 /* LaunchScreen.storyboard */ = {
			isa = PBXVariantGroup;
			children = (
				B84944B923F0B75F00A2E335 /* Base */,
			);
			name = LaunchScreen.storyboard;
			sourceTree = "<group>";
		};
/* End PBXVariantGroup section */

/* Begin XCBuildConfiguration section */
		B84944BC23F0B75F00A2E335 /* Debug */ = {
			isa = XCBuildConfiguration;
			buildSettings = {
				ALWAYS_SEARCH_USER_PATHS = NO;
				CLANG_ANALYZER_NONNULL = YES;
				CLANG_ANALYZER_NUMBER_OBJECT_CONVERSION = YES_AGGRESSIVE;
				CLANG_CXX_LANGUAGE_STANDARD = "gnu++14";
				CLANG_CXX_LIBRARY = "libc++";
				CLANG_ENABLE_MODULES = YES;
				CLANG_ENABLE_OBJC_ARC = YES;
				CLANG_ENABLE_OBJC_WEAK = YES;
				CLANG_WARN_BLOCK_CAPTURE_AUTORELEASING = YES;
				CLANG_WARN_BOOL_CONVERSION = YES;
				CLANG_WARN_COMMA = YES;
				CLANG_WARN_CONSTANT_CONVERSION = YES;
				CLANG_WARN_DEPRECATED_OBJC_IMPLEMENTATIONS = YES;
				CLANG_WARN_DIRECT_OBJC_ISA_USAGE = YES_ERROR;
				CLANG_WARN_DOCUMENTATION_COMMENTS = YES;
				CLANG_WARN_EMPTY_BODY = YES;
				CLANG_WARN_ENUM_CONVERSION = YES;
				CLANG_WARN_INFINITE_RECURSION = YES;
				CLANG_WARN_INT_CONVERSION = YES;
				CLANG_WARN_NON_LITERAL_NULL_CONVERSION = YES;
				CLANG_WARN_OBJC_IMPLICIT_RETAIN_SELF = YES;
				CLANG_WARN_OBJC_LITERAL_CONVERSION = YES;
				CLANG_WARN_OBJC_ROOT_CLASS = YES_ERROR;
				CLANG_WARN_RANGE_LOOP_ANALYSIS = YES;
				CLANG_WARN_STRICT_PROTOTYPES = YES;
				CLANG_WARN_SUSPICIOUS_MOVE = YES;
				CLANG_WARN_UNGUARDED_AVAILABILITY = YES_AGGRESSIVE;
				CLANG_WARN_UNREACHABLE_CODE = YES;
				CLANG_WARN__DUPLICATE_METHOD_MATCH = YES;
				COPY_PHASE_STRIP = NO;
				DEBUG_INFORMATION_FORMAT = dwarf;
				ENABLE_STRICT_OBJC_MSGSEND = YES;
				ENABLE_TESTABILITY = YES;
				GCC_C_LANGUAGE_STANDARD = gnu11;
				GCC_DYNAMIC_NO_PIC = NO;
				GCC_NO_COMMON_BLOCKS = YES;
				GCC_OPTIMIZATION_LEVEL = 0;
				GCC_PREPROCESSOR_DEFINITIONS = (
					"DEBUG=1",
					"$(inherited)",
				);
				GCC_WARN_64_TO_32_BIT_CONVERSION = YES;
				GCC_WARN_ABOUT_RETURN_TYPE = YES_ERROR;
				GCC_WARN_UNDECLARED_SELECTOR = YES;
				GCC_WARN_UNINITIALIZED_AUTOS = YES_AGGRESSIVE;
				GCC_WARN_UNUSED_FUNCTION = YES;
				GCC_WARN_UNUSED_VARIABLE = YES;
				IPHONEOS_DEPLOYMENT_TARGET = 13.2;
				MTL_ENABLE_DEBUG_INFO = INCLUDE_SOURCE;
				MTL_FAST_MATH = YES;
				ONLY_ACTIVE_ARCH = YES;
				SDKROOT = iphoneos;
				SWIFT_ACTIVE_COMPILATION_CONDITIONS = DEBUG;
				SWIFT_OPTIMIZATION_LEVEL = "-Onone";
			};
			name = Debug;
		};
		B84944BD23F0B75F00A2E335 /* Release */ = {
			isa = XCBuildConfiguration;
			buildSettings = {
				ALWAYS_SEARCH_USER_PATHS = NO;
				CLANG_ANALYZER_NONNULL = YES;
				CLANG_ANALYZER_NUMBER_OBJECT_CONVERSION = YES_AGGRESSIVE;
				CLANG_CXX_LANGUAGE_STANDARD = "gnu++14";
				CLANG_CXX_LIBRARY = "libc++";
				CLANG_ENABLE_MODULES = YES;
				CLANG_ENABLE_OBJC_ARC = YES;
				CLANG_ENABLE_OBJC_WEAK = YES;
				CLANG_WARN_BLOCK_CAPTURE_AUTORELEASING = YES;
				CLANG_WARN_BOOL_CONVERSION = YES;
				CLANG_WARN_COMMA = YES;
				CLANG_WARN_CONSTANT_CONVERSION = YES;
				CLANG_WARN_DEPRECATED_OBJC_IMPLEMENTATIONS = YES;
				CLANG_WARN_DIRECT_OBJC_ISA_USAGE = YES_ERROR;
				CLANG_WARN_DOCUMENTATION_COMMENTS = YES;
				CLANG_WARN_EMPTY_BODY = YES;
				CLANG_WARN_ENUM_CONVERSION = YES;
				CLANG_WARN_INFINITE_RECURSION = YES;
				CLANG_WARN_INT_CONVERSION = YES;
				CLANG_WARN_NON_LITERAL_NULL_CONVERSION = YES;
				CLANG_WARN_OBJC_IMPLICIT_RETAIN_SELF = YES;
				CLANG_WARN_OBJC_LITERAL_CONVERSION = YES;
				CLANG_WARN_OBJC_ROOT_CLASS = YES_ERROR;
				CLANG_WARN_RANGE_LOOP_ANALYSIS = YES;
				CLANG_WARN_STRICT_PROTOTYPES = YES;
				CLANG_WARN_SUSPICIOUS_MOVE = YES;
				CLANG_WARN_UNGUARDED_AVAILABILITY = YES_AGGRESSIVE;
				CLANG_WARN_UNREACHABLE_CODE = YES;
				CLANG_WARN__DUPLICATE_METHOD_MATCH = YES;
				COPY_PHASE_STRIP = NO;
				DEBUG_INFORMATION_FORMAT = "dwarf-with-dsym";
				ENABLE_NS_ASSERTIONS = NO;
				ENABLE_STRICT_OBJC_MSGSEND = YES;
				GCC_C_LANGUAGE_STANDARD = gnu11;
				GCC_NO_COMMON_BLOCKS = YES;
				GCC_WARN_64_TO_32_BIT_CONVERSION = YES;
				GCC_WARN_ABOUT_RETURN_TYPE = YES_ERROR;
				GCC_WARN_UNDECLARED_SELECTOR = YES;
				GCC_WARN_UNINITIALIZED_AUTOS = YES_AGGRESSIVE;
				GCC_WARN_UNUSED_FUNCTION = YES;
				GCC_WARN_UNUSED_VARIABLE = YES;
				IPHONEOS_DEPLOYMENT_TARGET = 13.2;
				MTL_ENABLE_DEBUG_INFO = NO;
				MTL_FAST_MATH = YES;
				SDKROOT = iphoneos;
				SWIFT_COMPILATION_MODE = wholemodule;
				SWIFT_OPTIMIZATION_LEVEL = "-O";
				VALIDATE_PRODUCT = YES;
			};
			name = Release;
		};
		B84944BF23F0B75F00A2E335 /* Debug */ = {
			isa = XCBuildConfiguration;
			baseConfigurationReference = D4EA86682CC84D105113F170 /* Pods-MarvelousTravel.debug.xcconfig */;
			buildSettings = {
				ASSETCATALOG_COMPILER_APPICON_NAME = AppIcon;
				CLANG_ENABLE_MODULES = YES;
				CODE_SIGN_STYLE = Automatic;
				INFOPLIST_FILE = MarvelousTravel/Info.plist;
				LD_RUNPATH_SEARCH_PATHS = (
					"$(inherited)",
					"@executable_path/Frameworks",
				);
				PRODUCT_BUNDLE_IDENTIFIER = dsalenko.MarvelousTravel;
				PRODUCT_NAME = "$(TARGET_NAME)";
				SWIFT_OPTIMIZATION_LEVEL = "-Onone";
				SWIFT_VERSION = 5.0;
				TARGETED_DEVICE_FAMILY = "1,2";
			};
			name = Debug;
		};
		B84944C023F0B75F00A2E335 /* Release */ = {
			isa = XCBuildConfiguration;
			baseConfigurationReference = AD1E16A8D07583AC363D76BB /* Pods-MarvelousTravel.release.xcconfig */;
			buildSettings = {
				ASSETCATALOG_COMPILER_APPICON_NAME = AppIcon;
				CLANG_ENABLE_MODULES = YES;
				CODE_SIGN_STYLE = Automatic;
				INFOPLIST_FILE = MarvelousTravel/Info.plist;
				LD_RUNPATH_SEARCH_PATHS = (
					"$(inherited)",
					"@executable_path/Frameworks",
				);
				PRODUCT_BUNDLE_IDENTIFIER = dsalenko.MarvelousTravel;
				PRODUCT_NAME = "$(TARGET_NAME)";
				SWIFT_VERSION = 5.0;
				TARGETED_DEVICE_FAMILY = "1,2";
			};
			name = Release;
		};
/* End XCBuildConfiguration section */

/* Begin XCConfigurationList section */
		B84944A523F0B75C00A2E335 /* Build configuration list for PBXProject "MarvelousTravel" */ = {
			isa = XCConfigurationList;
			buildConfigurations = (
				B84944BC23F0B75F00A2E335 /* Debug */,
				B84944BD23F0B75F00A2E335 /* Release */,
			);
			defaultConfigurationIsVisible = 0;
			defaultConfigurationName = Release;
		};
		B84944BE23F0B75F00A2E335 /* Build configuration list for PBXNativeTarget "MarvelousTravel" */ = {
			isa = XCConfigurationList;
			buildConfigurations = (
				B84944BF23F0B75F00A2E335 /* Debug */,
				B84944C023F0B75F00A2E335 /* Release */,
			);
			defaultConfigurationIsVisible = 0;
			defaultConfigurationName = Release;
		};
/* End XCConfigurationList section */
	};
	rootObject = B84944A223F0B75C00A2E335 /* Project object */;
}
